
Microsoft Visual Studio Solution File, Format Version 12.00
# Visual Studio Version 16
VisualStudioVersion = 16.0.31624.102
MinimumVisualStudioVersion = 10.0.40219.1
Project("{FAE04EC0-301F-11D3-BF4B-00C04F79EFBC}") = "OOPAndFiles", "OOPAndFiles\OOPAndFiles.csproj", "{60075800-CA2A-4AA9-9BE2-3D493929817A}"
EndProject
Project("{FAE04EC0-301F-11D3-BF4B-00C04F79EFBC}") = "Frozen", "Frozen\Frozen.csproj", "{1073C0E6-5621-4C68-A912-AC6312ABE382}"
EndProject
Global
	GlobalSection(SolutionConfigurationPlatforms) = preSolution
		Debug|Any CPU = Debug|Any CPU
		Release|Any CPU = Release|Any CPU
	EndGlobalSection
	GlobalSection(ProjectConfigurationPlatforms) = postSolution
		{60075800-CA2A-4AA9-9BE2-3D493929817A}.Debug|Any CPU.ActiveCfg = Debug|Any CPU
		{60075800-CA2A-4AA9-9BE2-3D493929817A}.Debug|Any CPU.Build.0 = Debug|Any CPU
		{60075800-CA2A-4AA9-9BE2-3D493929817A}.Release|Any CPU.ActiveCfg = Release|Any CPU
		{60075800-CA2A-4AA9-9BE2-3D493929817A}.Release|Any CPU.Build.0 = Release|Any CPU
		{1073C0E6-5621-4C68-A912-AC6312ABE382}.Debug|Any CPU.ActiveCfg = Debug|Any CPU
		{1073C0E6-5621-4C68-A912-AC6312ABE382}.Debug|Any CPU.Build.0 = Debug|Any CPU
		{1073C0E6-5621-4C68-A912-AC6312ABE382}.Release|Any CPU.ActiveCfg = Release|Any CPU
		{1073C0E6-5621-4C68-A912-AC6312ABE382}.Release|Any CPU.Build.0 = Release|Any CPU
	EndGlobalSection
	GlobalSection(SolutionProperties) = preSolution
		HideSolutionNode = FALSE
	EndGlobalSection
	GlobalSection(ExtensibilityGlobals) = postSolution
		SolutionGuid = {74260EBD-10F9-47AF-B67E-93F65E7EE302}
	EndGlobalSection
EndGlobal
